<?xml version="1.0" encoding="utf-8"?>
<Project ToolsVersion="4.0" xmlns="http://schemas.microsoft.com/developer/msbuild/2003">
  <ItemGroup>
    <Filter Include="Source Files">
      <UniqueIdentifier>{4FC737F1-C7A5-4376-A066-2A32D752A2FF}</UniqueIdentifier>
      <Extensions>cpp;c;cc;cxx;def;odl;idl;hpj;bat;asm;asmx</Extensions>
    </Filter>
    <Filter Include="Header Files">
      <UniqueIdentifier>{93995380-89BD-4b04-88EB-625FBE52EBFB}</UniqueIdentifier>
      <Extensions>h;hpp;hxx;hm;inl;inc;xsd</Extensions>
    </Filter>
  </ItemGroup>
  <ItemGroup>
    <ClInclude Include="stdafx.h">
      <Filter>Header Files</Filter>
    </ClInclude>
    <ClInclude Include="targetver.h">
      <Filter>Header Files</Filter>
    </ClInclude>
    <ClInclude Include="..\..\Eradication\BinnedReport.h">
      <Filter>Header Files</Filter>
    </ClInclude>
    <ClInclude Include="..\..\Eradication\Report.h">
      <Filter>Header Files</Filter>
    </ClInclude>
    <ClInclude Include="ReportPluginCustomTB.h">
      <Filter>Header Files</Filter>
    </ClInclude>
    <ClInclude Include="..\..\Eradication\BaseChannelReport.h">
      <Filter>Header Files</Filter>
    </ClInclude>
    <ClInclude Include="..\..\Eradication\SimulationConfig.h">
      <Filter>Header Files</Filter>
    </ClInclude>
    <ClInclude Include="..\..\utils\BoostLibWrapper.h">
      <Filter>Header Files</Filter>
    </ClInclude>
    <ClInclude Include="..\..\cajun\include\CajunIncludes.h">
      <Filter>Header Files</Filter>
    </ClInclude>
    <ClInclude Include="..\..\Eradication\Climate.h">
      <Filter>Header Files</Filter>
    </ClInclude>
    <ClInclude Include="..\..\Eradication\ClimateByData.h">
      <Filter>Header Files</Filter>
    </ClInclude>
    <ClInclude Include="..\..\Eradication\ClimateConstant.h">
      <Filter>Header Files</Filter>
    </ClInclude>
    <ClInclude Include="..\..\Eradication\ClimateKoppen.h">
      <Filter>Header Files</Filter>
    </ClInclude>
    <ClInclude Include="..\..\Eradication\Common.h">
      <Filter>Header Files</Filter>
    </ClInclude>
    <ClInclude Include="..\..\utils\Configure.h">
      <Filter>Header Files</Filter>
    </ClInclude>
    <ClInclude Include="..\..\utils\ConfigurationImpl.h">
      <Filter>Header Files</Filter>
    </ClInclude>
    <ClInclude Include="..\..\utils\Configuration.h">
      <Filter>Header Files</Filter>
    </ClInclude>
    <ClInclude Include="..\..\Eradication\Contexts.h">
      <Filter>Header Files</Filter>
    </ClInclude>
    <ClInclude Include="..\..\Eradication\DllDefs.h">
      <Filter>Header Files</Filter>
    </ClInclude>
    <ClInclude Include="..\..\interventions\Drugs.h">
      <Filter>Header Files</Filter>
    </ClInclude>
    <ClInclude Include="..\..\utils\EnumSupport.h">
      <Filter>Header Files</Filter>
    </ClInclude>
    <ClInclude Include="..\..\utils\Environment.h">
      <Filter>Header Files</Filter>
    </ClInclude>
    <ClInclude Include="..\..\utils\Exceptions.h">
      <Filter>Header Files</Filter>
    </ClInclude>
    <ClInclude Include="..\..\utils\FactorySupport.h">
      <Filter>Header Files</Filter>
    </ClInclude>
    <ClInclude Include="..\..\Eradication\IInfectable.h">
      <Filter>Header Files</Filter>
    </ClInclude>
    <ClInclude Include="..\..\Eradication\IMigrate.h">
      <Filter>Header Files</Filter>
    </ClInclude>
    <ClInclude Include="..\..\Eradication\Individual.h">
      <Filter>Header Files</Filter>
    </ClInclude>
    <ClInclude Include="..\..\Eradication\IndividualAirborne.h">
      <Filter>Header Files</Filter>
    </ClInclude>
    <ClInclude Include="..\..\Eradication\IndividualEventContext.h">
      <Filter>Header Files</Filter>
    </ClInclude>
    <ClInclude Include="..\..\Eradication\IndividualTB.h">
      <Filter>Header Files</Filter>
    </ClInclude>
    <ClInclude Include="..\..\Eradication\Infection.h">
      <Filter>Header Files</Filter>
    </ClInclude>
    <ClInclude Include="..\..\Eradication\InfectionAirborne.h">
      <Filter>Header Files</Filter>
    </ClInclude>
    <ClInclude Include="..\..\Eradication\InfectionTB.h">
      <Filter>Header Files</Filter>
    </ClInclude>
    <ClInclude Include="..\..\campaign\InterventionEnums.h">
      <Filter>Header Files</Filter>
    </ClInclude>
    <ClInclude Include="..\..\campaign\InterventionFactory.h">
      <Filter>Header Files</Filter>
    </ClInclude>
    <ClInclude Include="..\..\campaign\Interventions.h">
      <Filter>Header Files</Filter>
    </ClInclude>
    <ClInclude Include="..\..\Eradication\InterventionsContainer.h">
      <Filter>Header Files</Filter>
    </ClInclude>
    <ClInclude Include="..\..\Eradication\IReport.h">
      <Filter>Header Files</Filter>
    </ClInclude>
    <ClInclude Include="..\..\utils\ISupports.h">
      <Filter>Header Files</Filter>
    </ClInclude>
    <ClInclude Include="..\..\utils\JsonObject.h">
      <Filter>Header Files</Filter>
    </ClInclude>
    <ClInclude Include="..\..\utils\Log.h">
      <Filter>Header Files</Filter>
    </ClInclude>
    <ClInclude Include="..\..\Eradication\MalariaDrugTypeParameters.h">
      <Filter>Header Files</Filter>
    </ClInclude>
    <ClInclude Include="..\..\Eradication\Migration.h">
      <Filter>Header Files</Filter>
    </ClInclude>
    <ClInclude Include="..\..\Eradication\Node.h">
      <Filter>Header Files</Filter>
    </ClInclude>
    <ClInclude Include="..\..\Eradication\NodeAirborne.h">
      <Filter>Header Files</Filter>
    </ClInclude>
    <ClInclude Include="..\..\Eradication\NodeDemographics.h">
      <Filter>Header Files</Filter>
    </ClInclude>
    <ClInclude Include="..\..\Eradication\Pool.h">
      <Filter>Header Files</Filter>
    </ClInclude>
    <ClInclude Include="..\..\Eradication\PoolDefinition.h">
      <Filter>Header Files</Filter>
    </ClInclude>
    <ClInclude Include="..\..\Eradication\PoolMembership.h">
      <Filter>Header Files</Filter>
    </ClInclude>
    <ClInclude Include="..\..\Eradication\PoolType.h">
      <Filter>Header Files</Filter>
    </ClInclude>
    <ClInclude Include="..\..\Eradication\PoolTypeCache.h">
      <Filter>Header Files</Filter>
    </ClInclude>
    <ClInclude Include="..\..\Eradication\PoolTypes.h">
      <Filter>Header Files</Filter>
    </ClInclude>
    <ClInclude Include="..\..\utils\Profile.h">
      <Filter>Header Files</Filter>
    </ClInclude>
    <ClInclude Include="..\..\utils\ProgVersion.h">
      <Filter>Header Files</Filter>
    </ClInclude>
    <ClInclude Include="..\..\Eradication\RANDOM.h">
      <Filter>Header Files</Filter>
    </ClInclude>
    <ClInclude Include="..\..\utils\Serializer.h">
      <Filter>Header Files</Filter>
    </ClInclude>
    <ClInclude Include="..\..\utils\SimpleTypemapRegistration.h">
      <Filter>Header Files</Filter>
    </ClInclude>
    <ClInclude Include="..\..\Eradication\SimulationEnums.h">
      <Filter>Header Files</Filter>
    </ClInclude>
    <ClInclude Include="..\..\Eradication\StrainIdentity.h">
      <Filter>Header Files</Filter>
    </ClInclude>
    <ClInclude Include="..\..\Eradication\Susceptibility.h">
      <Filter>Header Files</Filter>
    </ClInclude>
    <ClInclude Include="..\..\Eradication\SusceptibilityAirborne.h">
      <Filter>Header Files</Filter>
    </ClInclude>
    <ClInclude Include="..\..\Eradication\SusceptibilityTB.h">
      <Filter>Header Files</Filter>
    </ClInclude>
    <ClInclude Include="..\..\Eradication\TBContexts.h">
      <Filter>Header Files</Filter>
    </ClInclude>
    <ClInclude Include="..\..\Eradication\TBInterventionsContainer.h">
      <Filter>Header Files</Filter>
    </ClInclude>
    <ClInclude Include="..\..\utils\ValidationLog.h">
      <Filter>Header Files</Filter>
    </ClInclude>
    <ClInclude Include="..\..\Eradication\VectorContexts.h">
      <Filter>Header Files</Filter>
    </ClInclude>
    <ClInclude Include="..\..\Eradication\VectorEnums.h">
      <Filter>Header Files</Filter>
    </ClInclude>
    <ClInclude Include="..\..\Eradication\VectorSpeciesParameters.h">
      <Filter>Header Files</Filter>
    </ClInclude>
    <ClInclude Include="..\..\utils\RapidJsonImpl.h">
      <Filter>Header Files</Filter>
    </ClInclude>
  </ItemGroup>
  <ItemGroup>
    <ClCompile Include="stdafx.cpp">
      <Filter>Source Files</Filter>
    </ClCompile>
    <ClCompile Include="..\..\Eradication\BinnedReport.cpp">
      <Filter>Source Files</Filter>
    </ClCompile>
    <ClCompile Include="..\..\Eradication\Report.cpp">
      <Filter>Source Files</Filter>
    </ClCompile>
    <ClCompile Include="ReportPluginCustomTB.cpp">
      <Filter>Source Files</Filter>
    </ClCompile>
    <ClCompile Include="..\..\Eradication\BaseChannelReport.cpp">
      <Filter>Source Files</Filter>
    </ClCompile>
    <ClCompile Include="..\..\Eradication\SimulationConfig.cpp">
      <Filter>Source Files</Filter>
    </ClCompile>
    <ClCompile Include="..\..\interventions\Drugs.cpp">
      <Filter>Source Files</Filter>
    </ClCompile>
    <ClCompile Include="..\..\Eradication\StrainIdentity.cpp">
      <Filter>Source Files</Filter>
    </ClCompile>
    <ClCompile Include="..\..\Eradication\VectorSpeciesParameters.cpp">
      <Filter>Source Files</Filter>
    </ClCompile>
    <ClCompile Include="..\..\Eradication\MalariaDrugTypeParameters.cpp">
      <Filter>Source Files</Filter>
    </ClCompile>
  </ItemGroup>
  <ItemGroup>
    <ResourceCompile Include="..\..\utils\config_params.rc" />
    <ResourceCompile Include="..\..\utils\iv_params.rc" />
    <ResourceCompile Include="..\..\utils\polio_params.rc" />
  </ItemGroup>
</Project>